
Microsoft Visual Studio Solution File, Format Version 12.00
# Visual Studio 14
VisualStudioVersion = 14.0.25123.0
MinimumVisualStudioVersion = 10.0.40219.1
Project("{FAE04EC0-301F-11D3-BF4B-00C04F79EFBC}") = "EDS_App.Droid", "EDS_App\EDS_App.Droid\EDS_App.Droid.csproj", "{A82EA7A4-7F1D-44D0-86A2-D211F04166AA}"
EndProject
Project("{FAE04EC0-301F-11D3-BF4B-00C04F79EFBC}") = "EDS_App.iOS", "EDS_App\EDS_App.iOS\EDS_App.iOS.csproj", "{95D7E9BE-C8F0-4D1C-963A-92A95AD2E505}"
EndProject
Project("{FAE04EC0-301F-11D3-BF4B-00C04F79EFBC}") = "EDS_App.WinPhone", "EDS_App\EDS_App.WinPhone\EDS_App.WinPhone.csproj", "{C8BF3DB6-7B05-4090-BB74-70FEFABFC62B}"
EndProject
Project("{FAE04EC0-301F-11D3-BF4B-00C04F79EFBC}") = "EDS_App.UWP", "EDS_App\EDS_App.UWP\EDS_App.UWP.csproj", "{EDA56582-8A1D-427E-ADC3-1A9192FA586E}"
EndProject
Project("{FAE04EC0-301F-11D3-BF4B-00C04F79EFBC}") = "EDS_App.Windows", "EDS_App\EDS_App.Windows\EDS_App.Windows.csproj", "{20D138F7-2A1F-4E13-8C99-1EAF9CE41E80}"
EndProject
Project("{FAE04EC0-301F-11D3-BF4B-00C04F79EFBC}") = "EDS_App", "EDS_App\EDS_App\EDS_App.csproj", "{EA732970-E0C7-4741-86FF-82403EE49D0C}"
EndProject
Global
	GlobalSection(SolutionConfigurationPlatforms) = preSolution
		Ad-Hoc|Any CPU = Ad-Hoc|Any CPU
		Ad-Hoc|ARM = Ad-Hoc|ARM
		Ad-Hoc|iPhone = Ad-Hoc|iPhone
		Ad-Hoc|iPhoneSimulator = Ad-Hoc|iPhoneSimulator
		Ad-Hoc|x64 = Ad-Hoc|x64
		Ad-Hoc|x86 = Ad-Hoc|x86
		AppStore|Any CPU = AppStore|Any CPU
		AppStore|ARM = AppStore|ARM
		AppStore|iPhone = AppStore|iPhone
		AppStore|iPhoneSimulator = AppStore|iPhoneSimulator
		AppStore|x64 = AppStore|x64
		AppStore|x86 = AppStore|x86
		Debug|Any CPU = Debug|Any CPU
		Debug|ARM = Debug|ARM
		Debug|iPhone = Debug|iPhone
		Debug|iPhoneSimulator = Debug|iPhoneSimulator
		Debug|x64 = Debug|x64
		Debug|x86 = Debug|x86
		Release|Any CPU = Release|Any CPU
		Release|ARM = Release|ARM
		Release|iPhone = Release|iPhone
		Release|iPhoneSimulator = Release|iPhoneSimulator
		Release|x64 = Release|x64
		Release|x86 = Release|x86
	EndGlobalSection
	GlobalSection(ProjectConfigurationPlatforms) = postSolution
		{A82EA7A4-7F1D-44D0-86A2-D211F04166AA}.Ad-Hoc|Any CPU.ActiveCfg = Release|Any CPU
		{A82EA7A4-7F1D-44D0-86A2-D211F04166AA}.Ad-Hoc|Any CPU.Build.0 = Release|Any CPU
		{A82EA7A4-7F1D-44D0-86A2-D211F04166AA}.Ad-Hoc|Any CPU.Deploy.0 = Release|Any CPU
		{A82EA7A4-7F1D-44D0-86A2-D211F04166AA}.Ad-Hoc|ARM.ActiveCfg = Release|Any CPU
		{A82EA7A4-7F1D-44D0-86A2-D211F04166AA}.Ad-Hoc|ARM.Build.0 = Release|Any CPU
		{A82EA7A4-7F1D-44D0-86A2-D211F04166AA}.Ad-Hoc|ARM.Deploy.0 = Release|Any CPU
		{A82EA7A4-7F1D-44D0-86A2-D211F04166AA}.Ad-Hoc|iPhone.ActiveCfg = Release|Any CPU
		{A82EA7A4-7F1D-44D0-86A2-D211F04166AA}.Ad-Hoc|iPhone.Build.0 = Release|Any CPU
		{A82EA7A4-7F1D-44D0-86A2-D211F04166AA}.Ad-Hoc|iPhone.Deploy.0 = Release|Any CPU
		{A82EA7A4-7F1D-44D0-86A2-D211F04166AA}.Ad-Hoc|iPhoneSimulator.ActiveCfg = Release|Any CPU
		{A82EA7A4-7F1D-44D0-86A2-D211F04166AA}.Ad-Hoc|iPhoneSimulator.Build.0 = Release|Any CPU
		{A82EA7A4-7F1D-44D0-86A2-D211F04166AA}.Ad-Hoc|iPhoneSimulator.Deploy.0 = Release|Any CPU
		{A82EA7A4-7F1D-44D0-86A2-D211F04166AA}.Ad-Hoc|x64.ActiveCfg = Release|Any CPU
		{A82EA7A4-7F1D-44D0-86A2-D211F04166AA}.Ad-Hoc|x64.Build.0 = Release|Any CPU
		{A82EA7A4-7F1D-44D0-86A2-D211F04166AA}.Ad-Hoc|x64.Deploy.0 = Release|Any CPU
		{A82EA7A4-7F1D-44D0-86A2-D211F04166AA}.Ad-Hoc|x86.ActiveCfg = Release|Any CPU
		{A82EA7A4-7F1D-44D0-86A2-D211F04166AA}.Ad-Hoc|x86.Build.0 = Release|Any CPU
		{A82EA7A4-7F1D-44D0-86A2-D211F04166AA}.Ad-Hoc|x86.Deploy.0 = Release|Any CPU
		{A82EA7A4-7F1D-44D0-86A2-D211F04166AA}.AppStore|Any CPU.ActiveCfg = Release|Any CPU
		{A82EA7A4-7F1D-44D0-86A2-D211F04166AA}.AppStore|Any CPU.Build.0 = Release|Any CPU
		{A82EA7A4-7F1D-44D0-86A2-D211F04166AA}.AppStore|Any CPU.Deploy.0 = Release|Any CPU
		{A82EA7A4-7F1D-44D0-86A2-D211F04166AA}.AppStore|ARM.ActiveCfg = Release|Any CPU
		{A82EA7A4-7F1D-44D0-86A2-D211F04166AA}.AppStore|ARM.Build.0 = Release|Any CPU
		{A82EA7A4-7F1D-44D0-86A2-D211F04166AA}.AppStore|ARM.Deploy.0 = Release|Any CPU
		{A82EA7A4-7F1D-44D0-86A2-D211F04166AA}.AppStore|iPhone.ActiveCfg = Release|Any CPU
		{A82EA7A4-7F1D-44D0-86A2-D211F04166AA}.AppStore|iPhone.Build.0 = Release|Any CPU
		{A82EA7A4-7F1D-44D0-86A2-D211F04166AA}.AppStore|iPhone.Deploy.0 = Release|Any CPU
		{A82EA7A4-7F1D-44D0-86A2-D211F04166AA}.AppStore|iPhoneSimulator.ActiveCfg = Release|Any CPU
		{A82EA7A4-7F1D-44D0-86A2-D211F04166AA}.AppStore|iPhoneSimulator.Build.0 = Release|Any CPU
		{A82EA7A4-7F1D-44D0-86A2-D211F04166AA}.AppStore|iPhoneSimulator.Deploy.0 = Release|Any CPU
		{A82EA7A4-7F1D-44D0-86A2-D211F04166AA}.AppStore|x64.ActiveCfg = Release|Any CPU
		{A82EA7A4-7F1D-44D0-86A2-D211F04166AA}.AppStore|x64.Build.0 = Release|Any CPU
		{A82EA7A4-7F1D-44D0-86A2-D211F04166AA}.AppStore|x64.Deploy.0 = Release|Any CPU
		{A82EA7A4-7F1D-44D0-86A2-D211F04166AA}.AppStore|x86.ActiveCfg = Release|Any CPU
		{A82EA7A4-7F1D-44D0-86A2-D211F04166AA}.AppStore|x86.Build.0 = Release|Any CPU
		{A82EA7A4-7F1D-44D0-86A2-D211F04166AA}.AppStore|x86.Deploy.0 = Release|Any CPU
		{A82EA7A4-7F1D-44D0-86A2-D211F04166AA}.Debug|Any CPU.ActiveCfg = Debug|Any CPU
		{A82EA7A4-7F1D-44D0-86A2-D211F04166AA}.Debug|Any CPU.Build.0 = Debug|Any CPU
		{A82EA7A4-7F1D-44D0-86A2-D211F04166AA}.Debug|Any CPU.Deploy.0 = Debug|Any CPU
		{A82EA7A4-7F1D-44D0-86A2-D211F04166AA}.Debug|ARM.ActiveCfg = Debug|Any CPU
		{A82EA7A4-7F1D-44D0-86A2-D211F04166AA}.Debug|ARM.Build.0 = Debug|Any CPU
		{A82EA7A4-7F1D-44D0-86A2-D211F04166AA}.Debug|ARM.Deploy.0 = Debug|Any CPU
		{A82EA7A4-7F1D-44D0-86A2-D211F04166AA}.Debug|iPhone.ActiveCfg = Debug|Any CPU
		{A82EA7A4-7F1D-44D0-86A2-D211F04166AA}.Debug|iPhone.Build.0 = Debug|Any CPU
		{A82EA7A4-7F1D-44D0-86A2-D211F04166AA}.Debug|iPhone.Deploy.0 = Debug|Any CPU
		{A82EA7A4-7F1D-44D0-86A2-D211F04166AA}.Debug|iPhoneSimulator.ActiveCfg = Debug|Any CPU
		{A82EA7A4-7F1D-44D0-86A2-D211F04166AA}.Debug|iPhoneSimulator.Build.0 = Debug|Any CPU
		{A82EA7A4-7F1D-44D0-86A2-D211F04166AA}.Debug|iPhoneSimulator.Deploy.0 = Debug|Any CPU
		{A82EA7A4-7F1D-44D0-86A2-D211F04166AA}.Debug|x64.ActiveCfg = Debug|Any CPU
		{A82EA7A4-7F1D-44D0-86A2-D211F04166AA}.Debug|x64.Build.0 = Debug|Any CPU
		{A82EA7A4-7F1D-44D0-86A2-D211F04166AA}.Debug|x64.Deploy.0 = Debug|Any CPU
		{A82EA7A4-7F1D-44D0-86A2-D211F04166AA}.Debug|x86.ActiveCfg = Debug|Any CPU
		{A82EA7A4-7F1D-44D0-86A2-D211F04166AA}.Debug|x86.Build.0 = Debug|Any CPU
		{A82EA7A4-7F1D-44D0-86A2-D211F04166AA}.Debug|x86.Deploy.0 = Debug|Any CPU
		{A82EA7A4-7F1D-44D0-86A2-D211F04166AA}.Release|Any CPU.ActiveCfg = Release|Any CPU
		{A82EA7A4-7F1D-44D0-86A2-D211F04166AA}.Release|Any CPU.Build.0 = Release|Any CPU
		{A82EA7A4-7F1D-44D0-86A2-D211F04166AA}.Release|Any CPU.Deploy.0 = Release|Any CPU
		{A82EA7A4-7F1D-44D0-86A2-D211F04166AA}.Release|ARM.ActiveCfg = Release|Any CPU
		{A82EA7A4-7F1D-44D0-86A2-D211F04166AA}.Release|ARM.Build.0 = Release|Any CPU
		{A82EA7A4-7F1D-44D0-86A2-D211F04166AA}.Release|ARM.Deploy.0 = Release|Any CPU
		{A82EA7A4-7F1D-44D0-86A2-D211F04166AA}.Release|iPhone.ActiveCfg = Release|Any CPU
		{A82EA7A4-7F1D-44D0-86A2-D211F04166AA}.Release|iPhone.Build.0 = Release|Any CPU
		{A82EA7A4-7F1D-44D0-86A2-D211F04166AA}.Release|iPhone.Deploy.0 = Release|Any CPU
		{A82EA7A4-7F1D-44D0-86A2-D211F04166AA}.Release|iPhoneSimulator.ActiveCfg = Release|Any CPU
		{A82EA7A4-7F1D-44D0-86A2-D211F04166AA}.Release|iPhoneSimulator.Build.0 = Release|Any CPU
		{A82EA7A4-7F1D-44D0-86A2-D211F04166AA}.Release|iPhoneSimulator.Deploy.0 = Release|Any CPU
		{A82EA7A4-7F1D-44D0-86A2-D211F04166AA}.Release|x64.ActiveCfg = Release|Any CPU
		{A82EA7A4-7F1D-44D0-86A2-D211F04166AA}.Release|x64.Build.0 = Release|Any CPU
		{A82EA7A4-7F1D-44D0-86A2-D211F04166AA}.Release|x64.Deploy.0 = Release|Any CPU
		{A82EA7A4-7F1D-44D0-86A2-D211F04166AA}.Release|x86.ActiveCfg = Release|Any CPU
		{A82EA7A4-7F1D-44D0-86A2-D211F04166AA}.Release|x86.Build.0 = Release|Any CPU
		{A82EA7A4-7F1D-44D0-86A2-D211F04166AA}.Release|x86.Deploy.0 = Release|Any CPU
		{95D7E9BE-C8F0-4D1C-963A-92A95AD2E505}.Ad-Hoc|Any CPU.ActiveCfg = Ad-Hoc|iPhone
		{95D7E9BE-C8F0-4D1C-963A-92A95AD2E505}.Ad-Hoc|ARM.ActiveCfg = Ad-Hoc|iPhone
		{95D7E9BE-C8F0-4D1C-963A-92A95AD2E505}.Ad-Hoc|iPhone.ActiveCfg = Ad-Hoc|iPhone
		{95D7E9BE-C8F0-4D1C-963A-92A95AD2E505}.Ad-Hoc|iPhone.Build.0 = Ad-Hoc|iPhone
		{95D7E9BE-C8F0-4D1C-963A-92A95AD2E505}.Ad-Hoc|iPhoneSimulator.ActiveCfg = Ad-Hoc|iPhoneSimulator
		{95D7E9BE-C8F0-4D1C-963A-92A95AD2E505}.Ad-Hoc|iPhoneSimulator.Build.0 = Ad-Hoc|iPhoneSimulator
		{95D7E9BE-C8F0-4D1C-963A-92A95AD2E505}.Ad-Hoc|x64.ActiveCfg = Ad-Hoc|iPhone
		{95D7E9BE-C8F0-4D1C-963A-92A95AD2E505}.Ad-Hoc|x86.ActiveCfg = Ad-Hoc|iPhone
		{95D7E9BE-C8F0-4D1C-963A-92A95AD2E505}.AppStore|Any CPU.ActiveCfg = AppStore|iPhone
		{95D7E9BE-C8F0-4D1C-963A-92A95AD2E505}.AppStore|ARM.ActiveCfg = AppStore|iPhone
		{95D7E9BE-C8F0-4D1C-963A-92A95AD2E505}.AppStore|iPhone.ActiveCfg = AppStore|iPhone
		{95D7E9BE-C8F0-4D1C-963A-92A95AD2E505}.AppStore|iPhone.Build.0 = AppStore|iPhone
		{95D7E9BE-C8F0-4D1C-963A-92A95AD2E505}.AppStore|iPhoneSimulator.ActiveCfg = AppStore|iPhoneSimulator
		{95D7E9BE-C8F0-4D1C-963A-92A95AD2E505}.AppStore|iPhoneSimulator.Build.0 = AppStore|iPhoneSimulator
		{95D7E9BE-C8F0-4D1C-963A-92A95AD2E505}.AppStore|x64.ActiveCfg = AppStore|iPhone
		{95D7E9BE-C8F0-4D1C-963A-92A95AD2E505}.AppStore|x86.ActiveCfg = AppStore|iPhone
		{95D7E9BE-C8F0-4D1C-963A-92A95AD2E505}.Debug|Any CPU.ActiveCfg = Debug|iPhone
		{95D7E9BE-C8F0-4D1C-963A-92A95AD2E505}.Debug|ARM.ActiveCfg = Debug|iPhone
		{95D7E9BE-C8F0-4D1C-963A-92A95AD2E505}.Debug|iPhone.ActiveCfg = Debug|iPhone
		{95D7E9BE-C8F0-4D1C-963A-92A95AD2E505}.Debug|iPhone.Build.0 = Debug|iPhone
		{95D7E9BE-C8F0-4D1C-963A-92A95AD2E505}.Debug|iPhoneSimulator.ActiveCfg = Debug|iPhoneSimulator
		{95D7E9BE-C8F0-4D1C-963A-92A95AD2E505}.Debug|iPhoneSimulator.Build.0 = Debug|iPhoneSimulator
		{95D7E9BE-C8F0-4D1C-963A-92A95AD2E505}.Debug|x64.ActiveCfg = Debug|iPhone
		{95D7E9BE-C8F0-4D1C-963A-92A95AD2E505}.Debug|x86.ActiveCfg = Debug|iPhone
		{95D7E9BE-C8F0-4D1C-963A-92A95AD2E505}.Release|Any CPU.ActiveCfg = Release|iPhone
		{95D7E9BE-C8F0-4D1C-963A-92A95AD2E505}.Release|ARM.ActiveCfg = Release|iPhone
		{95D7E9BE-C8F0-4D1C-963A-92A95AD2E505}.Release|iPhone.ActiveCfg = Release|iPhone
		{95D7E9BE-C8F0-4D1C-963A-92A95AD2E505}.Release|iPhone.Build.0 = Release|iPhone
		{95D7E9BE-C8F0-4D1C-963A-92A95AD2E505}.Release|iPhoneSimulator.ActiveCfg = Release|iPhoneSimulator
		{95D7E9BE-C8F0-4D1C-963A-92A95AD2E505}.Release|iPhoneSimulator.Build.0 = Release|iPhoneSimulator
		{95D7E9BE-C8F0-4D1C-963A-92A95AD2E505}.Release|x64.ActiveCfg = Release|iPhone
		{95D7E9BE-C8F0-4D1C-963A-92A95AD2E505}.Release|x86.ActiveCfg = Release|iPhone
		{C8BF3DB6-7B05-4090-BB74-70FEFABFC62B}.Ad-Hoc|Any CPU.ActiveCfg = Release|Any CPU
		{C8BF3DB6-7B05-4090-BB74-70FEFABFC62B}.Ad-Hoc|Any CPU.Build.0 = Release|Any CPU
		{C8BF3DB6-7B05-4090-BB74-70FEFABFC62B}.Ad-Hoc|Any CPU.Deploy.0 = Release|Any CPU
		{C8BF3DB6-7B05-4090-BB74-70FEFABFC62B}.Ad-Hoc|ARM.ActiveCfg = Release|ARM
		{C8BF3DB6-7B05-4090-BB74-70FEFABFC62B}.Ad-Hoc|ARM.Build.0 = Release|ARM
		{C8BF3DB6-7B05-4090-BB74-70FEFABFC62B}.Ad-Hoc|ARM.Deploy.0 = Release|ARM
		{C8BF3DB6-7B05-4090-BB74-70FEFABFC62B}.Ad-Hoc|iPhone.ActiveCfg = Release|Any CPU
		{C8BF3DB6-7B05-4090-BB74-70FEFABFC62B}.Ad-Hoc|iPhone.Build.0 = Release|Any CPU
		{C8BF3DB6-7B05-4090-BB74-70FEFABFC62B}.Ad-Hoc|iPhone.Deploy.0 = Release|Any CPU
		{C8BF3DB6-7B05-4090-BB74-70FEFABFC62B}.Ad-Hoc|iPhoneSimulator.ActiveCfg = Release|Any CPU
		{C8BF3DB6-7B05-4090-BB74-70FEFABFC62B}.Ad-Hoc|iPhoneSimulator.Build.0 = Release|Any CPU
		{C8BF3DB6-7B05-4090-BB74-70FEFABFC62B}.Ad-Hoc|iPhoneSimulator.Deploy.0 = Release|Any CPU
		{C8BF3DB6-7B05-4090-BB74-70FEFABFC62B}.Ad-Hoc|x64.ActiveCfg = Release|Any CPU
		{C8BF3DB6-7B05-4090-BB74-70FEFABFC62B}.Ad-Hoc|x64.Build.0 = Release|Any CPU
		{C8BF3DB6-7B05-4090-BB74-70FEFABFC62B}.Ad-Hoc|x64.Deploy.0 = Release|Any CPU
		{C8BF3DB6-7B05-4090-BB74-70FEFABFC62B}.Ad-Hoc|x86.ActiveCfg = Release|x86
		{C8BF3DB6-7B05-4090-BB74-70FEFABFC62B}.Ad-Hoc|x86.Build.0 = Release|x86
		{C8BF3DB6-7B05-4090-BB74-70FEFABFC62B}.Ad-Hoc|x86.Deploy.0 = Release|x86
		{C8BF3DB6-7B05-4090-BB74-70FEFABFC62B}.AppStore|Any CPU.ActiveCfg = Release|Any CPU
		{C8BF3DB6-7B05-4090-BB74-70FEFABFC62B}.AppStore|Any CPU.Build.0 = Release|Any CPU
		{C8BF3DB6-7B05-4090-BB74-70FEFABFC62B}.AppStore|Any CPU.Deploy.0 = Release|Any CPU
		{C8BF3DB6-7B05-4090-BB74-70FEFABFC62B}.AppStore|ARM.ActiveCfg = Release|ARM
		{C8BF3DB6-7B05-4090-BB74-70FEFABFC62B}.AppStore|ARM.Build.0 = Release|ARM
		{C8BF3DB6-7B05-4090-BB74-70FEFABFC62B}.AppStore|ARM.Deploy.0 = Release|ARM
		{C8BF3DB6-7B05-4090-BB74-70FEFABFC62B}.AppStore|iPhone.ActiveCfg = Release|Any CPU
		{C8BF3DB6-7B05-4090-BB74-70FEFABFC62B}.AppStore|iPhone.Build.0 = Release|Any CPU
		{C8BF3DB6-7B05-4090-BB74-70FEFABFC62B}.AppStore|iPhone.Deploy.0 = Release|Any CPU
		{C8BF3DB6-7B05-4090-BB74-70FEFABFC62B}.AppStore|iPhoneSimulator.ActiveCfg = Release|Any CPU
		{C8BF3DB6-7B05-4090-BB74-70FEFABFC62B}.AppStore|iPhoneSimulator.Build.0 = Release|Any CPU
		{C8BF3DB6-7B05-4090-BB74-70FEFABFC62B}.AppStore|iPhoneSimulator.Deploy.0 = Release|Any CPU
		{C8BF3DB6-7B05-4090-BB74-70FEFABFC62B}.AppStore|x64.ActiveCfg = Release|Any CPU
		{C8BF3DB6-7B05-4090-BB74-70FEFABFC62B}.AppStore|x64.Build.0 = Release|Any CPU
		{C8BF3DB6-7B05-4090-BB74-70FEFABFC62B}.AppStore|x64.Deploy.0 = Release|Any CPU
		{C8BF3DB6-7B05-4090-BB74-70FEFABFC62B}.AppStore|x86.ActiveCfg = Release|x86
		{C8BF3DB6-7B05-4090-BB74-70FEFABFC62B}.AppStore|x86.Build.0 = Release|x86
		{C8BF3DB6-7B05-4090-BB74-70FEFABFC62B}.AppStore|x86.Deploy.0 = Release|x86
		{C8BF3DB6-7B05-4090-BB74-70FEFABFC62B}.Debug|Any CPU.ActiveCfg = Debug|Any CPU
		{C8BF3DB6-7B05-4090-BB74-70FEFABFC62B}.Debug|Any CPU.Build.0 = Debug|Any CPU
		{C8BF3DB6-7B05-4090-BB74-70FEFABFC62B}.Debug|Any CPU.Deploy.0 = Debug|Any CPU
		{C8BF3DB6-7B05-4090-BB74-70FEFABFC62B}.Debug|ARM.ActiveCfg = Debug|ARM
		{C8BF3DB6-7B05-4090-BB74-70FEFABFC62B}.Debug|ARM.Build.0 = Debug|ARM
		{C8BF3DB6-7B05-4090-BB74-70FEFABFC62B}.Debug|ARM.Deploy.0 = Debug|ARM
		{C8BF3DB6-7B05-4090-BB74-70FEFABFC62B}.Debug|iPhone.ActiveCfg = Debug|Any CPU
		{C8BF3DB6-7B05-4090-BB74-70FEFABFC62B}.Debug|iPhone.Build.0 = Debug|Any CPU
		{C8BF3DB6-7B05-4090-BB74-70FEFABFC62B}.Debug|iPhone.Deploy.0 = Debug|Any CPU
		{C8BF3DB6-7B05-4090-BB74-70FEFABFC62B}.Debug|iPhoneSimulator.ActiveCfg = Debug|Any CPU
		{C8BF3DB6-7B05-4090-BB74-70FEFABFC62B}.Debug|iPhoneSimulator.Build.0 = Debug|Any CPU
		{C8BF3DB6-7B05-4090-BB74-70FEFABFC62B}.Debug|iPhoneSimulator.Deploy.0 = Debug|Any CPU
		{C8BF3DB6-7B05-4090-BB74-70FEFABFC62B}.Debug|x64.ActiveCfg = Debug|Any CPU
		{C8BF3DB6-7B05-4090-BB74-70FEFABFC62B}.Debug|x64.Build.0 = Debug|Any CPU
		{C8BF3DB6-7B05-4090-BB74-70FEFABFC62B}.Debug|x64.Deploy.0 = Debug|Any CPU
		{C8BF3DB6-7B05-4090-BB74-70FEFABFC62B}.Debug|x86.ActiveCfg = Debug|x86
		{C8BF3DB6-7B05-4090-BB74-70FEFABFC62B}.Debug|x86.Build.0 = Debug|x86
		{C8BF3DB6-7B05-4090-BB74-70FEFABFC62B}.Debug|x86.Deploy.0 = Debug|x86
		{C8BF3DB6-7B05-4090-BB74-70FEFABFC62B}.Release|Any CPU.ActiveCfg = Release|Any CPU
		{C8BF3DB6-7B05-4090-BB74-70FEFABFC62B}.Release|Any CPU.Build.0 = Release|Any CPU
		{C8BF3DB6-7B05-4090-BB74-70FEFABFC62B}.Release|Any CPU.Deploy.0 = Release|Any CPU
		{C8BF3DB6-7B05-4090-BB74-70FEFABFC62B}.Release|ARM.ActiveCfg = Release|ARM
		{C8BF3DB6-7B05-4090-BB74-70FEFABFC62B}.Release|ARM.Build.0 = Release|ARM
		{C8BF3DB6-7B05-4090-BB74-70FEFABFC62B}.Release|ARM.Deploy.0 = Release|ARM
		{C8BF3DB6-7B05-4090-BB74-70FEFABFC62B}.Release|iPhone.ActiveCfg = Release|Any CPU
		{C8BF3DB6-7B05-4090-BB74-70FEFABFC62B}.Release|iPhone.Build.0 = Release|Any CPU
		{C8BF3DB6-7B05-4090-BB74-70FEFABFC62B}.Release|iPhone.Deploy.0 = Release|Any CPU
		{C8BF3DB6-7B05-4090-BB74-70FEFABFC62B}.Release|iPhoneSimulator.ActiveCfg = Release|Any CPU
		{C8BF3DB6-7B05-4090-BB74-70FEFABFC62B}.Release|iPhoneSimulator.Build.0 = Release|Any CPU
		{C8BF3DB6-7B05-4090-BB74-70FEFABFC62B}.Release|iPhoneSimulator.Deploy.0 = Release|Any CPU
		{C8BF3DB6-7B05-4090-BB74-70FEFABFC62B}.Release|x64.ActiveCfg = Release|Any CPU
		{C8BF3DB6-7B05-4090-BB74-70FEFABFC62B}.Release|x64.Build.0 = Release|Any CPU
		{C8BF3DB6-7B05-4090-BB74-70FEFABFC62B}.Release|x64.Deploy.0 = Release|Any CPU
		{C8BF3DB6-7B05-4090-BB74-70FEFABFC62B}.Release|x86.ActiveCfg = Release|x86
		{C8BF3DB6-7B05-4090-BB74-70FEFABFC62B}.Release|x86.Build.0 = Release|x86
		{C8BF3DB6-7B05-4090-BB74-70FEFABFC62B}.Release|x86.Deploy.0 = Release|x86
		{EDA56582-8A1D-427E-ADC3-1A9192FA586E}.Ad-Hoc|Any CPU.ActiveCfg = Release|x86
		{EDA56582-8A1D-427E-ADC3-1A9192FA586E}.Ad-Hoc|Any CPU.Build.0 = Release|x86
		{EDA56582-8A1D-427E-ADC3-1A9192FA586E}.Ad-Hoc|Any CPU.Deploy.0 = Release|x86
		{EDA56582-8A1D-427E-ADC3-1A9192FA586E}.Ad-Hoc|ARM.ActiveCfg = Release|ARM
		{EDA56582-8A1D-427E-ADC3-1A9192FA586E}.Ad-Hoc|ARM.Build.0 = Release|ARM
		{EDA56582-8A1D-427E-ADC3-1A9192FA586E}.Ad-Hoc|ARM.Deploy.0 = Release|ARM
		{EDA56582-8A1D-427E-ADC3-1A9192FA586E}.Ad-Hoc|iPhone.ActiveCfg = Release|x86
		{EDA56582-8A1D-427E-ADC3-1A9192FA586E}.Ad-Hoc|iPhone.Build.0 = Release|x86
		{EDA56582-8A1D-427E-ADC3-1A9192FA586E}.Ad-Hoc|iPhone.Deploy.0 = Release|x86
		{EDA56582-8A1D-427E-ADC3-1A9192FA586E}.Ad-Hoc|iPhoneSimulator.ActiveCfg = Release|x86
		{EDA56582-8A1D-427E-ADC3-1A9192FA586E}.Ad-Hoc|iPhoneSimulator.Build.0 = Release|x86
		{EDA56582-8A1D-427E-ADC3-1A9192FA586E}.Ad-Hoc|iPhoneSimulator.Deploy.0 = Release|x86
		{EDA56582-8A1D-427E-ADC3-1A9192FA586E}.Ad-Hoc|x64.ActiveCfg = Release|x64
		{EDA56582-8A1D-427E-ADC3-1A9192FA586E}.Ad-Hoc|x64.Build.0 = Release|x64
		{EDA56582-8A1D-427E-ADC3-1A9192FA586E}.Ad-Hoc|x64.Deploy.0 = Release|x64
		{EDA56582-8A1D-427E-ADC3-1A9192FA586E}.Ad-Hoc|x86.ActiveCfg = Release|x86
		{EDA56582-8A1D-427E-ADC3-1A9192FA586E}.Ad-Hoc|x86.Build.0 = Release|x86
		{EDA56582-8A1D-427E-ADC3-1A9192FA586E}.Ad-Hoc|x86.Deploy.0 = Release|x86
		{EDA56582-8A1D-427E-ADC3-1A9192FA586E}.AppStore|Any CPU.ActiveCfg = Release|x86
		{EDA56582-8A1D-427E-ADC3-1A9192FA586E}.AppStore|Any CPU.Build.0 = Release|x86
		{EDA56582-8A1D-427E-ADC3-1A9192FA586E}.AppStore|Any CPU.Deploy.0 = Release|x86
		{EDA56582-8A1D-427E-ADC3-1A9192FA586E}.AppStore|ARM.ActiveCfg = Release|ARM
		{EDA56582-8A1D-427E-ADC3-1A9192FA586E}.AppStore|ARM.Build.0 = Release|ARM
		{EDA56582-8A1D-427E-ADC3-1A9192FA586E}.AppStore|ARM.Deploy.0 = Release|ARM
		{EDA56582-8A1D-427E-ADC3-1A9192FA586E}.AppStore|iPhone.ActiveCfg = Release|x86
		{EDA56582-8A1D-427E-ADC3-1A9192FA586E}.AppStore|iPhone.Build.0 = Release|x86
		{EDA56582-8A1D-427E-ADC3-1A9192FA586E}.AppStore|iPhone.Deploy.0 = Release|x86
		{EDA56582-8A1D-427E-ADC3-1A9192FA586E}.AppStore|iPhoneSimulator.ActiveCfg = Release|x86
		{EDA56582-8A1D-427E-ADC3-1A9192FA586E}.AppStore|iPhoneSimulator.Build.0 = Release|x86
		{EDA56582-8A1D-427E-ADC3-1A9192FA586E}.AppStore|iPhoneSimulator.Deploy.0 = Release|x86
		{EDA56582-8A1D-427E-ADC3-1A9192FA586E}.AppStore|x64.ActiveCfg = Release|x64
		{EDA56582-8A1D-427E-ADC3-1A9192FA586E}.AppStore|x64.Build.0 = Release|x64
		{EDA56582-8A1D-427E-ADC3-1A9192FA586E}.AppStore|x64.Deploy.0 = Release|x64
		{EDA56582-8A1D-427E-ADC3-1A9192FA586E}.AppStore|x86.ActiveCfg = Release|x86
		{EDA56582-8A1D-427E-ADC3-1A9192FA586E}.AppStore|x86.Build.0 = Release|x86
		{EDA56582-8A1D-427E-ADC3-1A9192FA586E}.AppStore|x86.Deploy.0 = Release|x86
		{EDA56582-8A1D-427E-ADC3-1A9192FA586E}.Debug|Any CPU.ActiveCfg = Debug|x86
		{EDA56582-8A1D-427E-ADC3-1A9192FA586E}.Debug|ARM.ActiveCfg = Debug|ARM
		{EDA56582-8A1D-427E-ADC3-1A9192FA586E}.Debug|ARM.Build.0 = Debug|ARM
		{EDA56582-8A1D-427E-ADC3-1A9192FA586E}.Debug|ARM.Deploy.0 = Debug|ARM
		{EDA56582-8A1D-427E-ADC3-1A9192FA586E}.Debug|iPhone.ActiveCfg = Debug|x86
		{EDA56582-8A1D-427E-ADC3-1A9192FA586E}.Debug|iPhoneSimulator.ActiveCfg = Debug|x86
		{EDA56582-8A1D-427E-ADC3-1A9192FA586E}.Debug|x64.ActiveCfg = Debug|x64
		{EDA56582-8A1D-427E-ADC3-1A9192FA586E}.Debug|x64.Build.0 = Debug|x64
		{EDA56582-8A1D-427E-ADC3-1A9192FA586E}.Debug|x64.Deploy.0 = Debug|x64
		{EDA56582-8A1D-427E-ADC3-1A9192FA586E}.Debug|x86.ActiveCfg = Debug|x86
		{EDA56582-8A1D-427E-ADC3-1A9192FA586E}.Debug|x86.Build.0 = Debug|x86
		{EDA56582-8A1D-427E-ADC3-1A9192FA586E}.Debug|x86.Deploy.0 = Debug|x86
		{EDA56582-8A1D-427E-ADC3-1A9192FA586E}.Release|Any CPU.ActiveCfg = Release|x86
		{EDA56582-8A1D-427E-ADC3-1A9192FA586E}.Release|ARM.ActiveCfg = Release|ARM
		{EDA56582-8A1D-427E-ADC3-1A9192FA586E}.Release|ARM.Build.0 = Release|ARM
		{EDA56582-8A1D-427E-ADC3-1A9192FA586E}.Release|ARM.Deploy.0 = Release|ARM
		{EDA56582-8A1D-427E-ADC3-1A9192FA586E}.Release|iPhone.ActiveCfg = Release|x86
		{EDA56582-8A1D-427E-ADC3-1A9192FA586E}.Release|iPhoneSimulator.ActiveCfg = Release|x86
		{EDA56582-8A1D-427E-ADC3-1A9192FA586E}.Release|x64.ActiveCfg = Release|x64
		{EDA56582-8A1D-427E-ADC3-1A9192FA586E}.Release|x64.Build.0 = Release|x64
		{EDA56582-8A1D-427E-ADC3-1A9192FA586E}.Release|x64.Deploy.0 = Release|x64
		{EDA56582-8A1D-427E-ADC3-1A9192FA586E}.Release|x86.ActiveCfg = Release|x86
		{EDA56582-8A1D-427E-ADC3-1A9192FA586E}.Release|x86.Build.0 = Release|x86
		{EDA56582-8A1D-427E-ADC3-1A9192FA586E}.Release|x86.Deploy.0 = Release|x86
		{20D138F7-2A1F-4E13-8C99-1EAF9CE41E80}.Ad-Hoc|Any CPU.ActiveCfg = Release|Any CPU
		{20D138F7-2A1F-4E13-8C99-1EAF9CE41E80}.Ad-Hoc|Any CPU.Build.0 = Release|Any CPU
		{20D138F7-2A1F-4E13-8C99-1EAF9CE41E80}.Ad-Hoc|Any CPU.Deploy.0 = Release|Any CPU
		{20D138F7-2A1F-4E13-8C99-1EAF9CE41E80}.Ad-Hoc|ARM.ActiveCfg = Release|ARM
		{20D138F7-2A1F-4E13-8C99-1EAF9CE41E80}.Ad-Hoc|ARM.Build.0 = Release|ARM
		{20D138F7-2A1F-4E13-8C99-1EAF9CE41E80}.Ad-Hoc|ARM.Deploy.0 = Release|ARM
		{20D138F7-2A1F-4E13-8C99-1EAF9CE41E80}.Ad-Hoc|iPhone.ActiveCfg = Release|Any CPU
		{20D138F7-2A1F-4E13-8C99-1EAF9CE41E80}.Ad-Hoc|iPhone.Build.0 = Release|Any CPU
		{20D138F7-2A1F-4E13-8C99-1EAF9CE41E80}.Ad-Hoc|iPhone.Deploy.0 = Release|Any CPU
		{20D138F7-2A1F-4E13-8C99-1EAF9CE41E80}.Ad-Hoc|iPhoneSimulator.ActiveCfg = Release|Any CPU
		{20D138F7-2A1F-4E13-8C99-1EAF9CE41E80}.Ad-Hoc|iPhoneSimulator.Build.0 = Release|Any CPU
		{20D138F7-2A1F-4E13-8C99-1EAF9CE41E80}.Ad-Hoc|iPhoneSimulator.Deploy.0 = Release|Any CPU
		{20D138F7-2A1F-4E13-8C99-1EAF9CE41E80}.Ad-Hoc|x64.ActiveCfg = Release|x64
		{20D138F7-2A1F-4E13-8C99-1EAF9CE41E80}.Ad-Hoc|x64.Build.0 = Release|x64
		{20D138F7-2A1F-4E13-8C99-1EAF9CE41E80}.Ad-Hoc|x64.Deploy.0 = Release|x64
		{20D138F7-2A1F-4E13-8C99-1EAF9CE41E80}.Ad-Hoc|x86.ActiveCfg = Release|x86
		{20D138F7-2A1F-4E13-8C99-1EAF9CE41E80}.Ad-Hoc|x86.Build.0 = Release|x86
		{20D138F7-2A1F-4E13-8C99-1EAF9CE41E80}.Ad-Hoc|x86.Deploy.0 = Release|x86
		{20D138F7-2A1F-4E13-8C99-1EAF9CE41E80}.AppStore|Any CPU.ActiveCfg = Release|Any CPU
		{20D138F7-2A1F-4E13-8C99-1EAF9CE41E80}.AppStore|Any CPU.Build.0 = Release|Any CPU
		{20D138F7-2A1F-4E13-8C99-1EAF9CE41E80}.AppStore|Any CPU.Deploy.0 = Release|Any CPU
		{20D138F7-2A1F-4E13-8C99-1EAF9CE41E80}.AppStore|ARM.ActiveCfg = Release|ARM
		{20D138F7-2A1F-4E13-8C99-1EAF9CE41E80}.AppStore|ARM.Build.0 = Release|ARM
		{20D138F7-2A1F-4E13-8C99-1EAF9CE41E80}.AppStore|ARM.Deploy.0 = Release|ARM
		{20D138F7-2A1F-4E13-8C99-1EAF9CE41E80}.AppStore|iPhone.ActiveCfg = Release|Any CPU
		{20D138F7-2A1F-4E13-8C99-1EAF9CE41E80}.AppStore|iPhone.Build.0 = Release|Any CPU
		{20D138F7-2A1F-4E13-8C99-1EAF9CE41E80}.AppStore|iPhone.Deploy.0 = Release|Any CPU
		{20D138F7-2A1F-4E13-8C99-1EAF9CE41E80}.AppStore|iPhoneSimulator.ActiveCfg = Release|Any CPU
		{20D138F7-2A1F-4E13-8C99-1EAF9CE41E80}.AppStore|iPhoneSimulator.Build.0 = Release|Any CPU
		{20D138F7-2A1F-4E13-8C99-1EAF9CE41E80}.AppStore|iPhoneSimulator.Deploy.0 = Release|Any CPU
		{20D138F7-2A1F-4E13-8C99-1EAF9CE41E80}.AppStore|x64.ActiveCfg = Release|x64
		{20D138F7-2A1F-4E13-8C99-1EAF9CE41E80}.AppStore|x64.Build.0 = Release|x64
		{20D138F7-2A1F-4E13-8C99-1EAF9CE41E80}.AppStore|x64.Deploy.0 = Release|x64
		{20D138F7-2A1F-4E13-8C99-1EAF9CE41E80}.AppStore|x86.ActiveCfg = Release|x86
		{20D138F7-2A1F-4E13-8C99-1EAF9CE41E80}.AppStore|x86.Build.0 = Release|x86
		{20D138F7-2A1F-4E13-8C99-1EAF9CE41E80}.AppStore|x86.Deploy.0 = Release|x86
		{20D138F7-2A1F-4E13-8C99-1EAF9CE41E80}.Debug|Any CPU.ActiveCfg = Debug|Any CPU
		{20D138F7-2A1F-4E13-8C99-1EAF9CE41E80}.Debug|Any CPU.Build.0 = Debug|Any CPU
		{20D138F7-2A1F-4E13-8C99-1EAF9CE41E80}.Debug|Any CPU.Deploy.0 = Debug|Any CPU
		{20D138F7-2A1F-4E13-8C99-1EAF9CE41E80}.Debug|ARM.ActiveCfg = Debug|ARM
		{20D138F7-2A1F-4E13-8C99-1EAF9CE41E80}.Debug|ARM.Build.0 = Debug|ARM
		{20D138F7-2A1F-4E13-8C99-1EAF9CE41E80}.Debug|ARM.Deploy.0 = Debug|ARM
		{20D138F7-2A1F-4E13-8C99-1EAF9CE41E80}.Debug|iPhone.ActiveCfg = Debug|Any CPU
		{20D138F7-2A1F-4E13-8C99-1EAF9CE41E80}.Debug|iPhone.Build.0 = Debug|Any CPU
		{20D138F7-2A1F-4E13-8C99-1EAF9CE41E80}.Debug|iPhone.Deploy.0 = Debug|Any CPU
		{20D138F7-2A1F-4E13-8C99-1EAF9CE41E80}.Debug|iPhoneSimulator.ActiveCfg = Debug|Any CPU
		{20D138F7-2A1F-4E13-8C99-1EAF9CE41E80}.Debug|iPhoneSimulator.Build.0 = Debug|Any CPU
		{20D138F7-2A1F-4E13-8C99-1EAF9CE41E80}.Debug|iPhoneSimulator.Deploy.0 = Debug|Any CPU
		{20D138F7-2A1F-4E13-8C99-1EAF9CE41E80}.Debug|x64.ActiveCfg = Debug|x64
		{20D138F7-2A1F-4E13-8C99-1EAF9CE41E80}.Debug|x64.Build.0 = Debug|x64
		{20D138F7-2A1F-4E13-8C99-1EAF9CE41E80}.Debug|x64.Deploy.0 = Debug|x64
		{20D138F7-2A1F-4E13-8C99-1EAF9CE41E80}.Debug|x86.ActiveCfg = Debug|x86
		{20D138F7-2A1F-4E13-8C99-1EAF9CE41E80}.Debug|x86.Build.0 = Debug|x86
		{20D138F7-2A1F-4E13-8C99-1EAF9CE41E80}.Debug|x86.Deploy.0 = Debug|x86
		{20D138F7-2A1F-4E13-8C99-1EAF9CE41E80}.Release|Any CPU.ActiveCfg = Release|Any CPU
		{20D138F7-2A1F-4E13-8C99-1EAF9CE41E80}.Release|Any CPU.Build.0 = Release|Any CPU
		{20D138F7-2A1F-4E13-8C99-1EAF9CE41E80}.Release|Any CPU.Deploy.0 = Release|Any CPU
		{20D138F7-2A1F-4E13-8C99-1EAF9CE41E80}.Release|ARM.ActiveCfg = Release|ARM
		{20D138F7-2A1F-4E13-8C99-1EAF9CE41E80}.Release|ARM.Build.0 = Release|ARM
		{20D138F7-2A1F-4E13-8C99-1EAF9CE41E80}.Release|ARM.Deploy.0 = Release|ARM
		{20D138F7-2A1F-4E13-8C99-1EAF9CE41E80}.Release|iPhone.ActiveCfg = Release|Any CPU
		{20D138F7-2A1F-4E13-8C99-1EAF9CE41E80}.Release|iPhone.Build.0 = Release|Any CPU
		{20D138F7-2A1F-4E13-8C99-1EAF9CE41E80}.Release|iPhone.Deploy.0 = Release|Any CPU
		{20D138F7-2A1F-4E13-8C99-1EAF9CE41E80}.Release|iPhoneSimulator.ActiveCfg = Release|Any CPU
		{20D138F7-2A1F-4E13-8C99-1EAF9CE41E80}.Release|iPhoneSimulator.Build.0 = Release|Any CPU
		{20D138F7-2A1F-4E13-8C99-1EAF9CE41E80}.Release|iPhoneSimulator.Deploy.0 = Release|Any CPU
		{20D138F7-2A1F-4E13-8C99-1EAF9CE41E80}.Release|x64.ActiveCfg = Release|x64
		{20D138F7-2A1F-4E13-8C99-1EAF9CE41E80}.Release|x64.Build.0 = Release|x64
		{20D138F7-2A1F-4E13-8C99-1EAF9CE41E80}.Release|x64.Deploy.0 = Release|x64
		{20D138F7-2A1F-4E13-8C99-1EAF9CE41E80}.Release|x86.ActiveCfg = Release|x86
		{20D138F7-2A1F-4E13-8C99-1EAF9CE41E80}.Release|x86.Build.0 = Release|x86
		{20D138F7-2A1F-4E13-8C99-1EAF9CE41E80}.Release|x86.Deploy.0 = Release|x86
		{EA732970-E0C7-4741-86FF-82403EE49D0C}.Ad-Hoc|Any CPU.ActiveCfg = Release|Any CPU
		{EA732970-E0C7-4741-86FF-82403EE49D0C}.Ad-Hoc|Any CPU.Build.0 = Release|Any CPU
		{EA732970-E0C7-4741-86FF-82403EE49D0C}.Ad-Hoc|ARM.ActiveCfg = Release|Any CPU
		{EA732970-E0C7-4741-86FF-82403EE49D0C}.Ad-Hoc|ARM.Build.0 = Release|Any CPU
		{EA732970-E0C7-4741-86FF-82403EE49D0C}.Ad-Hoc|iPhone.ActiveCfg = Release|Any CPU
		{EA732970-E0C7-4741-86FF-82403EE49D0C}.Ad-Hoc|iPhone.Build.0 = Release|Any CPU
		{EA732970-E0C7-4741-86FF-82403EE49D0C}.Ad-Hoc|iPhoneSimulator.ActiveCfg = Release|Any CPU
		{EA732970-E0C7-4741-86FF-82403EE49D0C}.Ad-Hoc|iPhoneSimulator.Build.0 = Release|Any CPU
		{EA732970-E0C7-4741-86FF-82403EE49D0C}.Ad-Hoc|x64.ActiveCfg = Release|Any CPU
		{EA732970-E0C7-4741-86FF-82403EE49D0C}.Ad-Hoc|x64.Build.0 = Release|Any CPU
		{EA732970-E0C7-4741-86FF-82403EE49D0C}.Ad-Hoc|x86.ActiveCfg = Release|Any CPU
		{EA732970-E0C7-4741-86FF-82403EE49D0C}.Ad-Hoc|x86.Build.0 = Release|Any CPU
		{EA732970-E0C7-4741-86FF-82403EE49D0C}.AppStore|Any CPU.ActiveCfg = Release|Any CPU
		{EA732970-E0C7-4741-86FF-82403EE49D0C}.AppStore|Any CPU.Build.0 = Release|Any CPU
		{EA732970-E0C7-4741-86FF-82403EE49D0C}.AppStore|ARM.ActiveCfg = Release|Any CPU
		{EA732970-E0C7-4741-86FF-82403EE49D0C}.AppStore|ARM.Build.0 = Release|Any CPU
		{EA732970-E0C7-4741-86FF-82403EE49D0C}.AppStore|iPhone.ActiveCfg = Release|Any CPU
		{EA732970-E0C7-4741-86FF-82403EE49D0C}.AppStore|iPhone.Build.0 = Release|Any CPU
		{EA732970-E0C7-4741-86FF-82403EE49D0C}.AppStore|iPhoneSimulator.ActiveCfg = Release|Any CPU
		{EA732970-E0C7-4741-86FF-82403EE49D0C}.AppStore|iPhoneSimulator.Build.0 = Release|Any CPU
		{EA732970-E0C7-4741-86FF-82403EE49D0C}.AppStore|x64.ActiveCfg = Release|Any CPU
		{EA732970-E0C7-4741-86FF-82403EE49D0C}.AppStore|x64.Build.0 = Release|Any CPU
		{EA732970-E0C7-4741-86FF-82403EE49D0C}.AppStore|x86.ActiveCfg = Release|Any CPU
		{EA732970-E0C7-4741-86FF-82403EE49D0C}.AppStore|x86.Build.0 = Release|Any CPU
		{EA732970-E0C7-4741-86FF-82403EE49D0C}.Debug|Any CPU.ActiveCfg = Debug|Any CPU
		{EA732970-E0C7-4741-86FF-82403EE49D0C}.Debug|Any CPU.Build.0 = Debug|Any CPU
		{EA732970-E0C7-4741-86FF-82403EE49D0C}.Debug|ARM.ActiveCfg = Debug|Any CPU
		{EA732970-E0C7-4741-86FF-82403EE49D0C}.Debug|ARM.Build.0 = Debug|Any CPU
		{EA732970-E0C7-4741-86FF-82403EE49D0C}.Debug|iPhone.ActiveCfg = Debug|Any CPU
		{EA732970-E0C7-4741-86FF-82403EE49D0C}.Debug|iPhone.Build.0 = Debug|Any CPU
		{EA732970-E0C7-4741-86FF-82403EE49D0C}.Debug|iPhoneSimulator.ActiveCfg = Debug|Any CPU
		{EA732970-E0C7-4741-86FF-82403EE49D0C}.Debug|iPhoneSimulator.Build.0 = Debug|Any CPU
		{EA732970-E0C7-4741-86FF-82403EE49D0C}.Debug|x64.ActiveCfg = Debug|Any CPU
		{EA732970-E0C7-4741-86FF-82403EE49D0C}.Debug|x64.Build.0 = Debug|Any CPU
		{EA732970-E0C7-4741-86FF-82403EE49D0C}.Debug|x86.ActiveCfg = Debug|Any CPU
		{EA732970-E0C7-4741-86FF-82403EE49D0C}.Debug|x86.Build.0 = Debug|Any CPU
		{EA732970-E0C7-4741-86FF-82403EE49D0C}.Release|Any CPU.ActiveCfg = Release|Any CPU
		{EA732970-E0C7-4741-86FF-82403EE49D0C}.Release|Any CPU.Build.0 = Release|Any CPU
		{EA732970-E0C7-4741-86FF-82403EE49D0C}.Release|ARM.ActiveCfg = Release|Any CPU
		{EA732970-E0C7-4741-86FF-82403EE49D0C}.Release|ARM.Build.0 = Release|Any CPU
		{EA732970-E0C7-4741-86FF-82403EE49D0C}.Release|iPhone.ActiveCfg = Release|Any CPU
		{EA732970-E0C7-4741-86FF-82403EE49D0C}.Release|iPhone.Build.0 = Release|Any CPU
		{EA732970-E0C7-4741-86FF-82403EE49D0C}.Release|iPhoneSimulator.ActiveCfg = Release|Any CPU
		{EA732970-E0C7-4741-86FF-82403EE49D0C}.Release|iPhoneSimulator.Build.0 = Release|Any CPU
		{EA732970-E0C7-4741-86FF-82403EE49D0C}.Release|x64.ActiveCfg = Release|Any CPU
		{EA732970-E0C7-4741-86FF-82403EE49D0C}.Release|x64.Build.0 = Release|Any CPU
		{EA732970-E0C7-4741-86FF-82403EE49D0C}.Release|x86.ActiveCfg = Release|Any CPU
		{EA732970-E0C7-4741-86FF-82403EE49D0C}.Release|x86.Build.0 = Release|Any CPU
	EndGlobalSection
	GlobalSection(SolutionProperties) = preSolution
		HideSolutionNode = FALSE
	EndGlobalSection
EndGlobal
